
Microsoft Visual Studio Solution File, Format Version 12.00
Project("{FAE04EC0-301F-11D3-BF4B-00C04F79EFBC}") = "DotCon", "DotCon\DotCon.csproj", "{370BC10A-830D-4BBA-9FCD-C96B8CE13F55}"
EndProject
Project("{FAE04EC0-301F-11D3-BF4B-00C04F79EFBC}") = "DotCon.Tests", "DotCon.Tests\DotCon.Tests.csproj", "{6870B30C-DEE6-4C2C-B437-7F50C631982D}"
EndProject
Project("{FAE04EC0-301F-11D3-BF4B-00C04F79EFBC}") = "DotConConsole", "DotConConsole\DotConConsole.csproj", "{31D571B3-8350-4EB4-8AAA-003A698458CF}"
EndProject
Global
	GlobalSection(SolutionConfigurationPlatforms) = preSolution
		Debug|Any CPU = Debug|Any CPU
		Release|Any CPU = Release|Any CPU
	EndGlobalSection
	GlobalSection(ProjectConfigurationPlatforms) = postSolution
		{370BC10A-830D-4BBA-9FCD-C96B8CE13F55}.Debug|Any CPU.ActiveCfg = Debug|Any CPU
		{370BC10A-830D-4BBA-9FCD-C96B8CE13F55}.Debug|Any CPU.Build.0 = Debug|Any CPU
		{370BC10A-830D-4BBA-9FCD-C96B8CE13F55}.Release|Any CPU.ActiveCfg = Release|Any CPU
		{370BC10A-830D-4BBA-9FCD-C96B8CE13F55}.Release|Any CPU.Build.0 = Release|Any CPU
		{6870B30C-DEE6-4C2C-B437-7F50C631982D}.Debug|Any CPU.ActiveCfg = Debug|Any CPU
		{6870B30C-DEE6-4C2C-B437-7F50C631982D}.Debug|Any CPU.Build.0 = Debug|Any CPU
		{6870B30C-DEE6-4C2C-B437-7F50C631982D}.Release|Any CPU.ActiveCfg = Release|Any CPU
		{6870B30C-DEE6-4C2C-B437-7F50C631982D}.Release|Any CPU.Build.0 = Release|Any CPU
		{31D571B3-8350-4EB4-8AAA-003A698458CF}.Debug|Any CPU.ActiveCfg = Debug|Any CPU
		{31D571B3-8350-4EB4-8AAA-003A698458CF}.Debug|Any CPU.Build.0 = Debug|Any CPU
		{31D571B3-8350-4EB4-8AAA-003A698458CF}.Release|Any CPU.ActiveCfg = Release|Any CPU
		{31D571B3-8350-4EB4-8AAA-003A698458CF}.Release|Any CPU.Build.0 = Release|Any CPU
	EndGlobalSection
EndGlobal
